
Microsoft Visual Studio Solution File, Format Version 12.00
# Visual Studio Version 16
VisualStudioVersion = 25.0.1706.11
MinimumVisualStudioVersion = 10.0.40219.1
Project("{FAE04EC0-301F-11D3-BF4B-00C04F79EFBC}") = "eurofin", "eurofin\eurofin.csproj", "{98727021-E037-441C-82A8-CC718F74B166}"
EndProject
Global
	GlobalSection(SolutionConfigurationPlatforms) = preSolution
		Debug|Any CPU = Debug|Any CPU
		Release|Any CPU = Release|Any CPU
	EndGlobalSection
	GlobalSection(ProjectConfigurationPlatforms) = postSolution
		{98727021-E037-441C-82A8-CC718F74B166}.Debug|Any CPU.ActiveCfg = Debug|Any CPU
		{98727021-E037-441C-82A8-CC718F74B166}.Debug|Any CPU.Build.0 = Debug|Any CPU
		{98727021-E037-441C-82A8-CC718F74B166}.Release|Any CPU.ActiveCfg = Release|Any CPU
		{98727021-E037-441C-82A8-CC718F74B166}.Release|Any CPU.Build.0 = Release|Any CPU
	EndGlobalSection
	GlobalSection(SolutionProperties) = preSolution
		HideSolutionNode = FALSE
	EndGlobalSection
	GlobalSection(ExtensibilityGlobals) = postSolution
		SolutionGuid = {0E1472D0-22F7-4E85-AAF7-24EF31B488C0}
	EndGlobalSection
EndGlobal
